PODS:
  - Expecta (1.0.6)
  - OCMock (3.4)
  - Specta (1.0.6)
  - ZTuple (1.0.1.alpha)

DEPENDENCIES:
  - Expecta (~> 1.0)
  - OCMock (~> 3.4)
  - Specta (~> 1.0)
  - ZTuple (from `../`)

EXTERNAL SOURCES:
  ZTuple:
    :path: "../"

SPEC CHECKSUMS:
  Expecta: 3b6bd90a64b9a1dcb0b70aa0e10a7f8f631667d5
  OCMock: 35ae71d6a8fcc1b59434d561d1520b9dd4f15765
  Specta: f506f3a8361de16bc0dcf3b17b75e269072ba465
  ZTuple: 8db252fa2f4402f7371963d683b4c04d4db14016

PODFILE CHECKSUM: b7e6f61d8fa03492380586d2c59b0c4a52eeedfc

COCOAPODS: 1.2.1
